
Microsoft Visual Studio Solution File, Format Version 12.00
# Visual Studio Version 17
VisualStudioVersion = 17.3.32929.385
MinimumVisualStudioVersion = 10.0.40219.1
Project("{FAE04EC0-301F-11D3-BF4B-00C04F79EFBC}") = "AutoLogout", "AutoLogout\AutoLogout.csproj", "{3A4885CB-C173-439C-B7A8-965B6BE4E694}"
EndProject
Project("{FAE04EC0-301F-11D3-BF4B-00C04F79EFBC}") = "SignalRChat", "SignalRChat\SignalRChat.csproj", "{4EA35B77-2F08-4EB8-AFA8-A1A4981D5199}"
EndProject
Global
	GlobalSection(SolutionConfigurationPlatforms) = preSolution
		Debug|Any CPU = Debug|Any CPU
		Release|Any CPU = Release|Any CPU
	EndGlobalSection
	GlobalSection(ProjectConfigurationPlatforms) = postSolution
		{3A4885CB-C173-439C-B7A8-965B6BE4E694}.Debug|Any CPU.ActiveCfg = Debug|Any CPU
		{3A4885CB-C173-439C-B7A8-965B6BE4E694}.Debug|Any CPU.Build.0 = Debug|Any CPU
		{3A4885CB-C173-439C-B7A8-965B6BE4E694}.Release|Any CPU.ActiveCfg = Release|Any CPU
		{3A4885CB-C173-439C-B7A8-965B6BE4E694}.Release|Any CPU.Build.0 = Release|Any CPU
		{4EA35B77-2F08-4EB8-AFA8-A1A4981D5199}.Debug|Any CPU.ActiveCfg = Debug|Any CPU
		{4EA35B77-2F08-4EB8-AFA8-A1A4981D5199}.Debug|Any CPU.Build.0 = Debug|Any CPU
		{4EA35B77-2F08-4EB8-AFA8-A1A4981D5199}.Release|Any CPU.ActiveCfg = Release|Any CPU
		{4EA35B77-2F08-4EB8-AFA8-A1A4981D5199}.Release|Any CPU.Build.0 = Release|Any CPU
	EndGlobalSection
	GlobalSection(SolutionProperties) = preSolution
		HideSolutionNode = FALSE
	EndGlobalSection
	GlobalSection(ExtensibilityGlobals) = postSolution
		SolutionGuid = {3C4CFCE7-DC15-453A-ABCC-12866C33FEA2}
	EndGlobalSection
EndGlobal
